// !$*UTF8*$!
{
	archiveVersion = 1;
	classes = {
	};
	objectVersion = 56;
	objects = {

/* Begin PBXBuildFile section */
		C08DFE1B2BE6093E00869C2C /* Offer.swift in Sources */ = {isa = PBXBuildFile; fileRef = C08DFE1A2BE6093E00869C2C /* Offer.swift */; };
		C08DFE1D2BE8448C00869C2C /* OffersPage.swift in Sources */ = {isa = PBXBuildFile; fileRef = C08DFE1C2BE8448B00869C2C /* OffersPage.swift */; };
		C08DFE212BE8489E00869C2C /* MenuPage.swift in Sources */ = {isa = PBXBuildFile; fileRef = C08DFE202BE8489E00869C2C /* MenuPage.swift */; };
		C08DFE232BE848A700869C2C /* OrderPage.swift in Sources */ = {isa = PBXBuildFile; fileRef = C08DFE222BE848A700869C2C /* OrderPage.swift */; };
		C08DFE262BE848B700869C2C /* InfoPage.swift in Sources */ = {isa = PBXBuildFile; fileRef = C08DFE252BE848B700869C2C /* InfoPage.swift */; };
		C08DFE282BE8494500869C2C /* ProductItem.swift in Sources */ = {isa = PBXBuildFile; fileRef = C08DFE272BE8494500869C2C /* ProductItem.swift */; };
		C08DFE2A2BE84B3100869C2C /* DetailsPage.swift in Sources */ = {isa = PBXBuildFile; fileRef = C08DFE292BE84B3100869C2C /* DetailsPage.swift */; };
		C08DFE2D2BE84D2C00869C2C /* Category.swift in Sources */ = {isa = PBXBuildFile; fileRef = C08DFE2C2BE84D2C00869C2C /* Category.swift */; };
		C08DFE2F2BE84D4600869C2C /* Product.swift in Sources */ = {isa = PBXBuildFile; fileRef = C08DFE2E2BE84D4600869C2C /* Product.swift */; };
		C08DFE312BE84FF800869C2C /* MenuManager.swift in Sources */ = {isa = PBXBuildFile; fileRef = C08DFE302BE84FF800869C2C /* MenuManager.swift */; };
		C08DFE332BE8501000869C2C /* CartManager.swift in Sources */ = {isa = PBXBuildFile; fileRef = C08DFE322BE8501000869C2C /* CartManager.swift */; };
		C08DFE352BE853AC00869C2C /* OrderItem.swift in Sources */ = {isa = PBXBuildFile; fileRef = C08DFE342BE853AC00869C2C /* OrderItem.swift */; };
		C08DFE382BE856E700869C2C /* Alamofire in Frameworks */ = {isa = PBXBuildFile; productRef = C08DFE372BE856E700869C2C /* Alamofire */; };
		C08DFE3A2BE856E700869C2C /* AlamofireDynamic in Frameworks */ = {isa = PBXBuildFile; productRef = C08DFE392BE856E700869C2C /* AlamofireDynamic */; };
		C0E20EDD2BE5EE1300F65C82 /* CoffeeMastersApp.swift in Sources */ = {isa = PBXBuildFile; fileRef = C0E20EDC2BE5EE1300F65C82 /* CoffeeMastersApp.swift */; };
		C0E20EDF2BE5EE1300F65C82 /* ContentView.swift in Sources */ = {isa = PBXBuildFile; fileRef = C0E20EDE2BE5EE1300F65C82 /* ContentView.swift */; };
		C0E20EE12BE5EE1600F65C82 /* Assets.xcassets in Resources */ = {isa = PBXBuildFile; fileRef = C0E20EE02BE5EE1600F65C82 /* Assets.xcassets */; };
		C0E20EE42BE5EE1600F65C82 /* Preview Assets.xcassets in Resources */ = {isa = PBXBuildFile; fileRef = C0E20EE32BE5EE1600F65C82 /* Preview Assets.xcassets */; };
/* End PBXBuildFile section */

/* Begin PBXFileReference section */
		C08DFE1A2BE6093E00869C2C /* Offer.swift */ = {isa = PBXFileReference; lastKnownFileType = sourcecode.swift; path = Offer.swift; sourceTree = "<group>"; };
		C08DFE1C2BE8448B00869C2C /* OffersPage.swift */ = {isa = PBXFileReference; lastKnownFileType = sourcecode.swift; path = OffersPage.swift; sourceTree = "<group>"; };
		C08DFE202BE8489E00869C2C /* MenuPage.swift */ = {isa = PBXFileReference; lastKnownFileType = sourcecode.swift; path = MenuPage.swift; sourceTree = "<group>"; };
		C08DFE222BE848A700869C2C /* OrderPage.swift */ = {isa = PBXFileReference; lastKnownFileType = sourcecode.swift; path = OrderPage.swift; sourceTree = "<group>"; };
		C08DFE252BE848B700869C2C /* InfoPage.swift */ = {isa = PBXFileReference; lastKnownFileType = sourcecode.swift; path = InfoPage.swift; sourceTree = "<group>"; };
		C08DFE272BE8494500869C2C /* ProductItem.swift */ = {isa = PBXFileReference; lastKnownFileType = sourcecode.swift; path = ProductItem.swift; sourceTree = "<group>"; };
		C08DFE292BE84B3100869C2C /* DetailsPage.swift */ = {isa = PBXFileReference; lastKnownFileType = sourcecode.swift; path = DetailsPage.swift; sourceTree = "<group>"; };
		C08DFE2C2BE84D2C00869C2C /* Category.swift */ = {isa = PBXFileReference; lastKnownFileType = sourcecode.swift; path = Category.swift; sourceTree = "<group>"; };
		C08DFE2E2BE84D4600869C2C /* Product.swift */ = {isa = PBXFileReference; lastKnownFileType = sourcecode.swift; path = Product.swift; sourceTree = "<group>"; };
		C08DFE302BE84FF800869C2C /* MenuManager.swift */ = {isa = PBXFileReference; lastKnownFileType = sourcecode.swift; path = MenuManager.swift; sourceTree = "<group>"; };
		C08DFE322BE8501000869C2C /* CartManager.swift */ = {isa = PBXFileReference; lastKnownFileType = sourcecode.swift; path = CartManager.swift; sourceTree = "<group>"; };
		C08DFE342BE853AC00869C2C /* OrderItem.swift */ = {isa = PBXFileReference; lastKnownFileType = sourcecode.swift; path = OrderItem.swift; sourceTree = "<group>"; };
		C0E20ED92BE5EE1300F65C82 /* CoffeeMasters.app */ = {isa = PBXFileReference; explicitFileType = wrapper.application; includeInIndex = 0; path = CoffeeMasters.app; sourceTree = BUILT_PRODUCTS_DIR; };
		C0E20EDC2BE5EE1300F65C82 /* CoffeeMastersApp.swift */ = {isa = PBXFileReference; lastKnownFileType = sourcecode.swift; path = CoffeeMastersApp.swift; sourceTree = "<group>"; };
		C0E20EDE2BE5EE1300F65C82 /* ContentView.swift */ = {isa = PBXFileReference; lastKnownFileType = sourcecode.swift; path = ContentView.swift; sourceTree = "<group>"; };
		C0E20EE02BE5EE1600F65C82 /* Assets.xcassets */ = {isa = PBXFileReference; lastKnownFileType = folder.assetcatalog; path = Assets.xcassets; sourceTree = "<group>"; };
		C0E20EE32BE5EE1600F65C82 /* Preview Assets.xcassets */ = {isa = PBXFileReference; lastKnownFileType = folder.assetcatalog; path = "Preview Assets.xcassets"; sourceTree = "<group>"; };
/* End PBXFileReference section */

/* Begin PBXFrameworksBuildPhase section */
		C0E20ED62BE5EE1300F65C82 /* Frameworks */ = {
			isa = PBXFrameworksBuildPhase;
			buildActionMask = 2147483647;
			files = (
				C08DFE382BE856E700869C2C /* Alamofire in Frameworks */,
				C08DFE3A2BE856E700869C2C /* AlamofireDynamic in Frameworks */,
			);
			runOnlyForDeploymentPostprocessing = 0;
		};
/* End PBXFrameworksBuildPhase section */

/* Begin PBXGroup section */
		C08DFE1E2BE8485200869C2C /* Views */ = {
			isa = PBXGroup;
			children = (
				C08DFE1A2BE6093E00869C2C /* Offer.swift */,
				C08DFE272BE8494500869C2C /* ProductItem.swift */,
				C08DFE342BE853AC00869C2C /* OrderItem.swift */,
			);
			path = Views;
			sourceTree = "<group>";
		};
		C08DFE1F2BE8486100869C2C /* Page Views */ = {
			isa = PBXGroup;
			children = (
				C08DFE1C2BE8448B00869C2C /* OffersPage.swift */,
				C08DFE202BE8489E00869C2C /* MenuPage.swift */,
				C08DFE292BE84B3100869C2C /* DetailsPage.swift */,
				C08DFE222BE848A700869C2C /* OrderPage.swift */,
				C08DFE252BE848B700869C2C /* InfoPage.swift */,
			);
			path = "Page Views";
			sourceTree = "<group>";
		};
		C08DFE2B2BE84D1900869C2C /* Model */ = {
			isa = PBXGroup;
			children = (
				C08DFE2C2BE84D2C00869C2C /* Category.swift */,
				C08DFE2E2BE84D4600869C2C /* Product.swift */,
				C08DFE302BE84FF800869C2C /* MenuManager.swift */,
				C08DFE322BE8501000869C2C /* CartManager.swift */,
			);
			path = Model;
			sourceTree = "<group>";
		};
		C0E20ED02BE5EE1300F65C82 = {
			isa = PBXGroup;
			children = (
				C0E20EDB2BE5EE1300F65C82 /* CoffeeMasters */,
				C0E20EDA2BE5EE1300F65C82 /* Products */,
			);
			sourceTree = "<group>";
		};
		C0E20EDA2BE5EE1300F65C82 /* Products */ = {
			isa = PBXGroup;
			children = (
				C0E20ED92BE5EE1300F65C82 /* CoffeeMasters.app */,
			);
			name = Products;
			sourceTree = "<group>";
		};
		C0E20EDB2BE5EE1300F65C82 /* CoffeeMasters */ = {
			isa = PBXGroup;
			children = (
				C08DFE2B2BE84D1900869C2C /* Model */,
				C08DFE1F2BE8486100869C2C /* Page Views */,
				C08DFE1E2BE8485200869C2C /* Views */,
				C0E20EDC2BE5EE1300F65C82 /* CoffeeMastersApp.swift */,
				C0E20EDE2BE5EE1300F65C82 /* ContentView.swift */,
				C0E20EE02BE5EE1600F65C82 /* Assets.xcassets */,
				C0E20EE22BE5EE1600F65C82 /* Preview Content */,
			);
			path = CoffeeMasters;
			sourceTree = "<group>";
		};
		C0E20EE22BE5EE1600F65C82 /* Preview Content */ = {
			isa = PBXGroup;
			children = (
				C0E20EE32BE5EE1600F65C82 /* Preview Assets.xcassets */,
			);
			path = "Preview Content";
			sourceTree = "<group>";
		};
/* End PBXGroup section */

/* Begin PBXNativeTarget section */
		C0E20ED82BE5EE1300F65C82 /* CoffeeMasters */ = {
			isa = PBXNativeTarget;
			buildConfigurationList = C0E20EE72BE5EE1600F65C82 /* Build configuration list for PBXNativeTarget "CoffeeMasters" */;
			buildPhases = (
				C0E20ED52BE5EE1300F65C82 /* Sources */,
				C0E20ED62BE5EE1300F65C82 /* Frameworks */,
				C0E20ED72BE5EE1300F65C82 /* Resources */,
			);
			buildRules = (
			);
			dependencies = (
			);
			name = CoffeeMasters;
			packageProductDependencies = (
				C08DFE372BE856E700869C2C /* Alamofire */,
				C08DFE392BE856E700869C2C /* AlamofireDynamic */,
			);
			productName = CoffeeMasters;
			productReference = C0E20ED92BE5EE1300F65C82 /* CoffeeMasters.app */;
			productType = "com.apple.product-type.application";
		};
/* End PBXNativeTarget section */

/* Begin PBXProject section */
		C0E20ED12BE5EE1300F65C82 /* Project object */ = {
			isa = PBXProject;
			attributes = {
				BuildIndependentTargetsInParallel = 1;
				LastSwiftUpdateCheck = 1530;
				LastUpgradeCheck = 1530;
				TargetAttributes = {
					C0E20ED82BE5EE1300F65C82 = {
						CreatedOnToolsVersion = 15.3;
					};
				};
			};
			buildConfigurationList = C0E20ED42BE5EE1300F65C82 /* Build configuration list for PBXProject "CoffeeMasters" */;
			compatibilityVersion = "Xcode 14.0";
			developmentRegion = en;
			hasScannedForEncodings = 0;
			knownRegions = (
				en,
				Base,
			);
			mainGroup = C0E20ED02BE5EE1300F65C82;
			packageReferences = (
				C08DFE362BE856E700869C2C /* XCRemoteSwiftPackageReference "Alamofire" */,
			);
			productRefGroup = C0E20EDA2BE5EE1300F65C82 /* Products */;
			projectDirPath = "";
			projectRoot = "";
			targets = (
				C0E20ED82BE5EE1300F65C82 /* CoffeeMasters */,
			);
		};
/* End PBXProject section */

/* Begin PBXResourcesBuildPhase section */
		C0E20ED72BE5EE1300F65C82 /* Resources */ = {
			isa = PBXResourcesBuildPhase;
			buildActionMask = 2147483647;
			files = (
				C0E20EE42BE5EE1600F65C82 /* Preview Assets.xcassets in Resources */,
				C0E20EE12BE5EE1600F65C82 /* Assets.xcassets in Resources */,
			);
			runOnlyForDeploymentPostprocessing = 0;
		};
/* End PBXResourcesBuildPhase section */

/* Begin PBXSourcesBuildPhase section */
		C0E20ED52BE5EE1300F65C82 /* Sources */ = {
			isa = PBXSourcesBuildPhase;
			buildActionMask = 2147483647;
			files = (
				C08DFE312BE84FF800869C2C /* MenuManager.swift in Sources */,
				C08DFE332BE8501000869C2C /* CartManager.swift in Sources */,
				C08DFE1B2BE6093E00869C2C /* Offer.swift in Sources */,
				C08DFE2D2BE84D2C00869C2C /* Category.swift in Sources */,
				C08DFE1D2BE8448C00869C2C /* OffersPage.swift in Sources */,
				C08DFE212BE8489E00869C2C /* MenuPage.swift in Sources */,
				C08DFE2A2BE84B3100869C2C /* DetailsPage.swift in Sources */,
				C08DFE2F2BE84D4600869C2C /* Product.swift in Sources */,
				C08DFE262BE848B700869C2C /* InfoPage.swift in Sources */,
				C08DFE352BE853AC00869C2C /* OrderItem.swift in Sources */,
				C08DFE282BE8494500869C2C /* ProductItem.swift in Sources */,
				C0E20EDF2BE5EE1300F65C82 /* ContentView.swift in Sources */,
				C08DFE232BE848A700869C2C /* OrderPage.swift in Sources */,
				C0E20EDD2BE5EE1300F65C82 /* CoffeeMastersApp.swift in Sources */,
			);
			runOnlyForDeploymentPostprocessing = 0;
		};
/* End PBXSourcesBuildPhase section */

/* Begin XCBuildConfiguration section */
		C0E20EE52BE5EE1600F65C82 /* Debug */ = {
			isa = XCBuildConfiguration;
			buildSettings = {
				ALWAYS_SEARCH_USER_PATHS = NO;
				ASSETCATALOG_COMPILER_GENERATE_SWIFT_ASSET_SYMBOL_EXTENSIONS = YES;
				CLANG_ANALYZER_NONNULL = YES;
				CLANG_ANALYZER_NUMBER_OBJECT_CONVERSION = YES_AGGRESSIVE;
				CLANG_CXX_LANGUAGE_STANDARD = "gnu++20";
				CLANG_ENABLE_MODULES = YES;
				CLANG_ENABLE_OBJC_ARC = YES;
				CLANG_ENABLE_OBJC_WEAK = YES;
				CLANG_WARN_BLOCK_CAPTURE_AUTORELEASING = YES;
				CLANG_WARN_BOOL_CONVERSION = YES;
				CLANG_WARN_COMMA = YES;
				CLANG_WARN_CONSTANT_CONVERSION = YES;
				CLANG_WARN_DEPRECATED_OBJC_IMPLEMENTATIONS = YES;
				CLANG_WARN_DIRECT_OBJC_ISA_USAGE = YES_ERROR;
				CLANG_WARN_DOCUMENTATION_COMMENTS = YES;
				CLANG_WARN_EMPTY_BODY = YES;
				CLANG_WARN_ENUM_CONVERSION = YES;
				CLANG_WARN_INFINITE_RECURSION = YES;
				CLANG_WARN_INT_CONVERSION = YES;
				CLANG_WARN_NON_LITERAL_NULL_CONVERSION = YES;
				CLANG_WARN_OBJC_IMPLICIT_RETAIN_SELF = YES;
				CLANG_WARN_OBJC_LITERAL_CONVERSION = YES;
				CLANG_WARN_OBJC_ROOT_CLASS = YES_ERROR;
				CLANG_WARN_QUOTED_INCLUDE_IN_FRAMEWORK_HEADER = YES;
				CLANG_WARN_RANGE_LOOP_ANALYSIS = YES;
				CLANG_WARN_STRICT_PROTOTYPES = YES;
				CLANG_WARN_SUSPICIOUS_MOVE = YES;
				CLANG_WARN_UNGUARDED_AVAILABILITY = YES_AGGRESSIVE;
				CLANG_WARN_UNREACHABLE_CODE = YES;
				CLANG_WARN__DUPLICATE_METHOD_MATCH = YES;
				COPY_PHASE_STRIP = NO;
				DEBUG_INFORMATION_FORMAT = dwarf;
				ENABLE_STRICT_OBJC_MSGSEND = YES;
				ENABLE_TESTABILITY = YES;
				ENABLE_USER_SCRIPT_SANDBOXING = YES;
				GCC_C_LANGUAGE_STANDARD = gnu17;
				GCC_DYNAMIC_NO_PIC = NO;
				GCC_NO_COMMON_BLOCKS = YES;
				GCC_OPTIMIZATION_LEVEL = 0;
				GCC_PREPROCESSOR_DEFINITIONS = (
					"DEBUG=1",
					"$(inherited)",
				);
				GCC_WARN_64_TO_32_BIT_CONVERSION = YES;
				GCC_WARN_ABOUT_RETURN_TYPE = YES_ERROR;
				GCC_WARN_UNDECLARED_SELECTOR = YES;
				GCC_WARN_UNINITIALIZED_AUTOS = YES_AGGRESSIVE;
				GCC_WARN_UNUSED_FUNCTION = YES;
				GCC_WARN_UNUSED_VARIABLE = YES;
				IPHONEOS_DEPLOYMENT_TARGET = 17.4;
				LOCALIZATION_PREFERS_STRING_CATALOGS = YES;
				MTL_ENABLE_DEBUG_INFO = INCLUDE_SOURCE;
				MTL_FAST_MATH = YES;
				ONLY_ACTIVE_ARCH = YES;
				SDKROOT = iphoneos;
				SWIFT_ACTIVE_COMPILATION_CONDITIONS = "DEBUG $(inherited)";
				SWIFT_OPTIMIZATION_LEVEL = "-Onone";
			};
			name = Debug;
		};
		C0E20EE62BE5EE1600F65C82 /* Release */ = {
			isa = XCBuildConfiguration;
			buildSettings = {
				ALWAYS_SEARCH_USER_PATHS = NO;
				ASSETCATALOG_COMPILER_GENERATE_SWIFT_ASSET_SYMBOL_EXTENSIONS = YES;
				CLANG_ANALYZER_NONNULL = YES;
				CLANG_ANALYZER_NUMBER_OBJECT_CONVERSION = YES_AGGRESSIVE;
				CLANG_CXX_LANGUAGE_STANDARD = "gnu++20";
				CLANG_ENABLE_MODULES = YES;
				CLANG_ENABLE_OBJC_ARC = YES;
				CLANG_ENABLE_OBJC_WEAK = YES;
				CLANG_WARN_BLOCK_CAPTURE_AUTORELEASING = YES;
				CLANG_WARN_BOOL_CONVERSION = YES;
				CLANG_WARN_COMMA = YES;
				CLANG_WARN_CONSTANT_CONVERSION = YES;
				CLANG_WARN_DEPRECATED_OBJC_IMPLEMENTATIONS = YES;
				CLANG_WARN_DIRECT_OBJC_ISA_USAGE = YES_ERROR;
				CLANG_WARN_DOCUMENTATION_COMMENTS = YES;
				CLANG_WARN_EMPTY_BODY = YES;
				CLANG_WARN_ENUM_CONVERSION = YES;
				CLANG_WARN_INFINITE_RECURSION = YES;
				CLANG_WARN_INT_CONVERSION = YES;
				CLANG_WARN_NON_LITERAL_NULL_CONVERSION = YES;
				CLANG_WARN_OBJC_IMPLICIT_RETAIN_SELF = YES;
				CLANG_WARN_OBJC_LITERAL_CONVERSION = YES;
				CLANG_WARN_OBJC_ROOT_CLASS = YES_ERROR;
				CLANG_WARN_QUOTED_INCLUDE_IN_FRAMEWORK_HEADER = YES;
				CLANG_WARN_RANGE_LOOP_ANALYSIS = YES;
				CLANG_WARN_STRICT_PROTOTYPES = YES;
				CLANG_WARN_SUSPICIOUS_MOVE = YES;
				CLANG_WARN_UNGUARDED_AVAILABILITY = YES_AGGRESSIVE;
				CLANG_WARN_UNREACHABLE_CODE = YES;
				CLANG_WARN__DUPLICATE_METHOD_MATCH = YES;
				COPY_PHASE_STRIP = NO;
				DEBUG_INFORMATION_FORMAT = "dwarf-with-dsym";
				ENABLE_NS_ASSERTIONS = NO;
				ENABLE_STRICT_OBJC_MSGSEND = YES;
				ENABLE_USER_SCRIPT_SANDBOXING = YES;
				GCC_C_LANGUAGE_STANDARD = gnu17;
				GCC_NO_COMMON_BLOCKS = YES;
				GCC_WARN_64_TO_32_BIT_CONVERSION = YES;
				GCC_WARN_ABOUT_RETURN_TYPE = YES_ERROR;
				GCC_WARN_UNDECLARED_SELECTOR = YES;
				GCC_WARN_UNINITIALIZED_AUTOS = YES_AGGRESSIVE;
				GCC_WARN_UNUSED_FUNCTION = YES;
				GCC_WARN_UNUSED_VARIABLE = YES;
				IPHONEOS_DEPLOYMENT_TARGET = 17.4;
				LOCALIZATION_PREFERS_STRING_CATALOGS = YES;
				MTL_ENABLE_DEBUG_INFO = NO;
				MTL_FAST_MATH = YES;
				SDKROOT = iphoneos;
				SWIFT_COMPILATION_MODE = wholemodule;
				VALIDATE_PRODUCT = YES;
			};
			name = Release;
		};
		C0E20EE82BE5EE1600F65C82 /* Debug */ = {
			isa = XCBuildConfiguration;
			buildSettings = {
				ASSETCATALOG_COMPILER_APPICON_NAME = AppIcon;
				ASSETCATALOG_COMPILER_GLOBAL_ACCENT_COLOR_NAME = AccentColor;
				CODE_SIGN_STYLE = Automatic;
				CURRENT_PROJECT_VERSION = 1;
				DEVELOPMENT_ASSET_PATHS = "\"CoffeeMasters/Preview Content\"";
				DEVELOPMENT_TEAM = BB8S6J685T;
				ENABLE_PREVIEWS = YES;
				GENERATE_INFOPLIST_FILE = YES;
				INFOPLIST_KEY_UIApplicationSceneManifest_Generation = YES;
				INFOPLIST_KEY_UIApplicationSupportsIndirectInputEvents = YES;
				INFOPLIST_KEY_UILaunchScreen_Generation = YES;
				INFOPLIST_KEY_UISupportedInterfaceOrientations_iPad = "UIInterfaceOrientationPortrait UIInterfaceOrientationPortraitUpsideDown UIInterfaceOrientationLandscapeLeft UIInterfaceOrientationLandscapeRight";
				INFOPLIST_KEY_UISupportedInterfaceOrientations_iPhone = "UIInterfaceOrientationPortrait UIInterfaceOrientationLandscapeLeft UIInterfaceOrientationLandscapeRight";
				LD_RUNPATH_SEARCH_PATHS = (
					"$(inherited)",
					"@executable_path/Frameworks",
				);
				MARKETING_VERSION = 1.0;
				PRODUCT_BUNDLE_IDENTIFIER = com.giomaya.CoffeeMasters;
				PRODUCT_NAME = "$(TARGET_NAME)";
				SWIFT_EMIT_LOC_STRINGS = YES;
				SWIFT_VERSION = 5.0;
				TARGETED_DEVICE_FAMILY = "1,2";
			};
			name = Debug;
		};
		C0E20EE92BE5EE1600F65C82 /* Release */ = {
			isa = XCBuildConfiguration;
			buildSettings = {
				ASSETCATALOG_COMPILER_APPICON_NAME = AppIcon;
				ASSETCATALOG_COMPILER_GLOBAL_ACCENT_COLOR_NAME = AccentColor;
				CODE_SIGN_STYLE = Automatic;
				CURRENT_PROJECT_VERSION = 1;
				DEVELOPMENT_ASSET_PATHS = "\"CoffeeMasters/Preview Content\"";
				DEVELOPMENT_TEAM = BB8S6J685T;
				ENABLE_PREVIEWS = YES;
				GENERATE_INFOPLIST_FILE = YES;
				INFOPLIST_KEY_UIApplicationSceneManifest_Generation = YES;
				INFOPLIST_KEY_UIApplicationSupportsIndirectInputEvents = YES;
				INFOPLIST_KEY_UILaunchScreen_Generation = YES;
				INFOPLIST_KEY_UISupportedInterfaceOrientations_iPad = "UIInterfaceOrientationPortrait UIInterfaceOrientationPortraitUpsideDown UIInterfaceOrientationLandscapeLeft UIInterfaceOrientationLandscapeRight";
				INFOPLIST_KEY_UISupportedInterfaceOrientations_iPhone = "UIInterfaceOrientationPortrait UIInterfaceOrientationLandscapeLeft UIInterfaceOrientationLandscapeRight";
				LD_RUNPATH_SEARCH_PATHS = (
					"$(inherited)",
					"@executable_path/Frameworks",
				);
				MARKETING_VERSION = 1.0;
				PRODUCT_BUNDLE_IDENTIFIER = com.giomaya.CoffeeMasters;
				PRODUCT_NAME = "$(TARGET_NAME)";
				SWIFT_EMIT_LOC_STRINGS = YES;
				SWIFT_VERSION = 5.0;
				TARGETED_DEVICE_FAMILY = "1,2";
			};
			name = Release;
		};
/* End XCBuildConfiguration section */

/* Begin XCConfigurationList section */
		C0E20ED42BE5EE1300F65C82 /* Build configuration list for PBXProject "CoffeeMasters" */ = {
			isa = XCConfigurationList;
			buildConfigurations = (
				C0E20EE52BE5EE1600F65C82 /* Debug */,
				C0E20EE62BE5EE1600F65C82 /* Release */,
			);
			defaultConfigurationIsVisible = 0;
			defaultConfigurationName = Release;
		};
		C0E20EE72BE5EE1600F65C82 /* Build configuration list for PBXNativeTarget "CoffeeMasters" */ = {
			isa = XCConfigurationList;
			buildConfigurations = (
				C0E20EE82BE5EE1600F65C82 /* Debug */,
				C0E20EE92BE5EE1600F65C82 /* Release */,
			);
			defaultConfigurationIsVisible = 0;
			defaultConfigurationName = Release;
		};
/* End XCConfigurationList section */

/* Begin XCRemoteSwiftPackageReference section */
		C08DFE362BE856E700869C2C /* XCRemoteSwiftPackageReference "Alamofire" */ = {
			isa = XCRemoteSwiftPackageReference;
			repositoryURL = "https://github.com/Alamofire/Alamofire.git";
			requirement = {
				kind = upToNextMajorVersion;
				minimumVersion = 5.9.1;
			};
		};
/* End XCRemoteSwiftPackageReference section */

/* Begin XCSwiftPackageProductDependency section */
		C08DFE372BE856E700869C2C /* Alamofire */ = {
			isa = XCSwiftPackageProductDependency;
			package = C08DFE362BE856E700869C2C /* XCRemoteSwiftPackageReference "Alamofire" */;
			productName = Alamofire;
		};
		C08DFE392BE856E700869C2C /* AlamofireDynamic */ = {
			isa = XCSwiftPackageProductDependency;
			package = C08DFE362BE856E700869C2C /* XCRemoteSwiftPackageReference "Alamofire" */;
			productName = AlamofireDynamic;
		};
/* End XCSwiftPackageProductDependency section */
	};
	rootObject = C0E20ED12BE5EE1300F65C82 /* Project object */;
}
